
Microsoft Visual Studio Solution File, Format Version 12.00
# Visual Studio Version 16
VisualStudioVersion = 16.0.31702.278
MinimumVisualStudioVersion = 10.0.40219.1
Project("{9A19103F-16F7-4668-BE54-9A1E7A4F7556}") = "HM4.Api", "HM4.Api\HM4.Api.csproj", "{8B091BC6-9FB2-4D81-8690-CA03BAFED89F}"
EndProject
Project("{9A19103F-16F7-4668-BE54-9A1E7A4F7556}") = "HM4.Core", "HM4.Core\HM4.Core.csproj", "{4CA61109-0D34-4665-B152-821893E997F7}"
EndProject
Project("{9A19103F-16F7-4668-BE54-9A1E7A4F7556}") = "HM4.Entities", "HM4.Entities\HM4.Entities.csproj", "{908DB93C-474E-4EC2-9F73-CAB4A6DC2EF1}"
EndProject
Project("{9A19103F-16F7-4668-BE54-9A1E7A4F7556}") = "HM4.DataAccess", "HM4.DataAccess\HM4.DataAccess.csproj", "{3B4F5A32-42F3-4036-B85E-49F317734E48}"
EndProject
Project("{FAE04EC0-301F-11D3-BF4B-00C04F79EFBC}") = "HM4.BackgroundJobs", "HM4.BackgroundJobs\HM4.BackgroundJobs.csproj", "{DA542981-335A-468A-988A-8F2DA608C445}"
EndProject
Project("{FAE04EC0-301F-11D3-BF4B-00C04F79EFBC}") = "HM4.BackgroundJobs.Api", "HM4.BackgroundJobs.Api\HM4.BackgroundJobs.Api.csproj", "{E6BFF98E-96FD-48FB-AE20-2AE89AC70758}"
EndProject
Global
	GlobalSection(SolutionConfigurationPlatforms) = preSolution
		Debug|Any CPU = Debug|Any CPU
		Release|Any CPU = Release|Any CPU
	EndGlobalSection
	GlobalSection(ProjectConfigurationPlatforms) = postSolution
		{8B091BC6-9FB2-4D81-8690-CA03BAFED89F}.Debug|Any CPU.ActiveCfg = Debug|Any CPU
		{8B091BC6-9FB2-4D81-8690-CA03BAFED89F}.Debug|Any CPU.Build.0 = Debug|Any CPU
		{8B091BC6-9FB2-4D81-8690-CA03BAFED89F}.Release|Any CPU.ActiveCfg = Release|Any CPU
		{8B091BC6-9FB2-4D81-8690-CA03BAFED89F}.Release|Any CPU.Build.0 = Release|Any CPU
		{4CA61109-0D34-4665-B152-821893E997F7}.Debug|Any CPU.ActiveCfg = Debug|Any CPU
		{4CA61109-0D34-4665-B152-821893E997F7}.Debug|Any CPU.Build.0 = Debug|Any CPU
		{4CA61109-0D34-4665-B152-821893E997F7}.Release|Any CPU.ActiveCfg = Release|Any CPU
		{4CA61109-0D34-4665-B152-821893E997F7}.Release|Any CPU.Build.0 = Release|Any CPU
		{908DB93C-474E-4EC2-9F73-CAB4A6DC2EF1}.Debug|Any CPU.ActiveCfg = Debug|Any CPU
		{908DB93C-474E-4EC2-9F73-CAB4A6DC2EF1}.Debug|Any CPU.Build.0 = Debug|Any CPU
		{908DB93C-474E-4EC2-9F73-CAB4A6DC2EF1}.Release|Any CPU.ActiveCfg = Release|Any CPU
		{908DB93C-474E-4EC2-9F73-CAB4A6DC2EF1}.Release|Any CPU.Build.0 = Release|Any CPU
		{3B4F5A32-42F3-4036-B85E-49F317734E48}.Debug|Any CPU.ActiveCfg = Debug|Any CPU
		{3B4F5A32-42F3-4036-B85E-49F317734E48}.Debug|Any CPU.Build.0 = Debug|Any CPU
		{3B4F5A32-42F3-4036-B85E-49F317734E48}.Release|Any CPU.ActiveCfg = Release|Any CPU
		{3B4F5A32-42F3-4036-B85E-49F317734E48}.Release|Any CPU.Build.0 = Release|Any CPU
		{DA542981-335A-468A-988A-8F2DA608C445}.Debug|Any CPU.ActiveCfg = Debug|Any CPU
		{DA542981-335A-468A-988A-8F2DA608C445}.Debug|Any CPU.Build.0 = Debug|Any CPU
		{DA542981-335A-468A-988A-8F2DA608C445}.Release|Any CPU.ActiveCfg = Release|Any CPU
		{DA542981-335A-468A-988A-8F2DA608C445}.Release|Any CPU.Build.0 = Release|Any CPU
		{E6BFF98E-96FD-48FB-AE20-2AE89AC70758}.Debug|Any CPU.ActiveCfg = Debug|Any CPU
		{E6BFF98E-96FD-48FB-AE20-2AE89AC70758}.Debug|Any CPU.Build.0 = Debug|Any CPU
		{E6BFF98E-96FD-48FB-AE20-2AE89AC70758}.Release|Any CPU.ActiveCfg = Release|Any CPU
		{E6BFF98E-96FD-48FB-AE20-2AE89AC70758}.Release|Any CPU.Build.0 = Release|Any CPU
	EndGlobalSection
	GlobalSection(SolutionProperties) = preSolution
		HideSolutionNode = FALSE
	EndGlobalSection
	GlobalSection(ExtensibilityGlobals) = postSolution
		SolutionGuid = {4DFC0BA8-9F7A-44B4-A404-144D32A3B8D0}
	EndGlobalSection
EndGlobal
